# This file is automatically @generated by Cargo.
# It is not intended for manual editing.
version = 3

[[package]]
name = "ast"
version = "0.1.0"

[[package]]
name = "rua-bc"
version = "0.1.0"

[[package]]
name = "rua-bc-gen"
version = "0.1.0"
dependencies = [
 "ast",
 "rua-bc",
]

[[package]]
name = "rua-parser"
version = "0.1.0"
dependencies = [
 "ast",
]
